
Microsoft Visual Studio Solution File, Format Version 12.00
# Visual Studio Version 16
VisualStudioVersion = 16.0.29709.97
MinimumVisualStudioVersion = 10.0.40219.1
Project("{FAE04EC0-301F-11D3-BF4B-00C04F79EFBC}") = "EjemploHilos", "EjemploHilos\EjemploHilos.csproj", "{4420C80D-DEDE-4ABE-94F6-7D1A9972F345}"
EndProject
Global
	GlobalSection(SolutionConfigurationPlatforms) = preSolution
		Debug|Any CPU = Debug|Any CPU
		Release|Any CPU = Release|Any CPU
	EndGlobalSection
	GlobalSection(ProjectConfigurationPlatforms) = postSolution
		{4420C80D-DEDE-4ABE-94F6-7D1A9972F345}.Debug|Any CPU.ActiveCfg = Debug|Any CPU
		{4420C80D-DEDE-4ABE-94F6-7D1A9972F345}.Debug|Any CPU.Build.0 = Debug|Any CPU
		{4420C80D-DEDE-4ABE-94F6-7D1A9972F345}.Release|Any CPU.ActiveCfg = Release|Any CPU
		{4420C80D-DEDE-4ABE-94F6-7D1A9972F345}.Release|Any CPU.Build.0 = Release|Any CPU
	EndGlobalSection
	GlobalSection(SolutionProperties) = preSolution
		HideSolutionNode = FALSE
	EndGlobalSection
	GlobalSection(ExtensibilityGlobals) = postSolution
		SolutionGuid = {6E3AEC61-45BC-4F91-8EB0-0F65DF9C2731}
	EndGlobalSection
EndGlobal
